
Microsoft Visual Studio Solution File, Format Version 12.00
# Visual Studio Version 17
VisualStudioVersion = 17.10.34916.146
MinimumVisualStudioVersion = 10.0.40219.1
Project("{9A19103F-16F7-4668-BE54-9A1E7A4F7556}") = "JobCandidateHubAPI", "JobCandidateHubAPI\JobCandidateHubAPI.csproj", "{30332A2E-69A8-4983-B869-E457B40B3E64}"
EndProject
Project("{FAE04EC0-301F-11D3-BF4B-00C04F79EFBC}") = "JobCandidateHub.Tests", "JobCandidateHub.Tests\JobCandidateHub.Tests.csproj", "{B1D71A5A-9156-4697-BBEE-AAC4452C4037}"
EndProject
Global
	GlobalSection(SolutionConfigurationPlatforms) = preSolution
		Debug|Any CPU = Debug|Any CPU
		Release|Any CPU = Release|Any CPU
	EndGlobalSection
	GlobalSection(ProjectConfigurationPlatforms) = postSolution
		{30332A2E-69A8-4983-B869-E457B40B3E64}.Debug|Any CPU.ActiveCfg = Debug|Any CPU
		{30332A2E-69A8-4983-B869-E457B40B3E64}.Debug|Any CPU.Build.0 = Debug|Any CPU
		{30332A2E-69A8-4983-B869-E457B40B3E64}.Release|Any CPU.ActiveCfg = Release|Any CPU
		{30332A2E-69A8-4983-B869-E457B40B3E64}.Release|Any CPU.Build.0 = Release|Any CPU
		{B1D71A5A-9156-4697-BBEE-AAC4452C4037}.Debug|Any CPU.ActiveCfg = Debug|Any CPU
		{B1D71A5A-9156-4697-BBEE-AAC4452C4037}.Debug|Any CPU.Build.0 = Debug|Any CPU
		{B1D71A5A-9156-4697-BBEE-AAC4452C4037}.Release|Any CPU.ActiveCfg = Release|Any CPU
		{B1D71A5A-9156-4697-BBEE-AAC4452C4037}.Release|Any CPU.Build.0 = Release|Any CPU
	EndGlobalSection
	GlobalSection(SolutionProperties) = preSolution
		HideSolutionNode = FALSE
	EndGlobalSection
	GlobalSection(ExtensibilityGlobals) = postSolution
		SolutionGuid = {DE244EDF-4BC4-4BED-9C0A-E3308D70582C}
	EndGlobalSection
EndGlobal
